# THIS IS AN AUTOGENERATED FILE. DO NOT EDIT THIS FILE DIRECTLY.
# yarn lockfile v1


abbrev@1:
  version "1.1.1"
  resolved "https://registry.yarnpkg.com/abbrev/-/abbrev-1.1.1.tgz#f8f2c887ad10bf67f634f005b6987fed3179aac8"
  integrity sha512-nne9/IiQ/hzIhY6pdDnbBtz7DjPTKrY00P/zvPSm5pOFkl6xuGrGnXn/VtTNNfNtAfZ9/1RtehkszU9qcTii0Q==

ansi-regex@^2.0.0:
  version "2.1.1"
  resolved "https://registry.yarnpkg.com/ansi-regex/-/ansi-regex-2.1.1.tgz#c3b33ab5ee360d86e0e628f0468ae7ef27d654df"
  integrity sha512-TIGnTpdo+E3+pCyAluZvtED5p5wCqLdezCyhPZzKPcxvFplEt4i+W7OONCKgeZFT3+y5NZZfOOS/Bdcanm1MYA==

ansi-styles@^2.2.1:
  version "2.2.1"
  resolved "https://registry.yarnpkg.com/ansi-styles/-/ansi-styles-2.2.1.tgz#b432dd3358b634cf75e1e4664368240533c1ddbe"
  integrity sha512-kmCevFghRiWM7HB5zTPULl4r9bVFSWjz62MhqizDGUrq2NWuNMQyuv4tHHoKJHs69M/MF64lEcHdYIocrdWQYA==

"argparse@~ 0.1.11":
  version "0.1.16"
  resolved "https://registry.yarnpkg.com/argparse/-/argparse-0.1.16.tgz#cfd01e0fbba3d6caed049fbd758d40f65196f57c"
  integrity sha512-LjmC2dNpdn2L4UzyoaIr11ELYoLn37ZFy9zObrQFHsSuOepeUEMKnM8w5KL4Tnrp2gy88rRuQt6Ky8Bjml+Baw==
  dependencies:
    underscore "~1.7.0"
    underscore.string "~2.4.0"

array-uniq@^0.1.0:
  version "0.1.1"
  resolved "https://registry.yarnpkg.com/array-uniq/-/array-uniq-0.1.1.tgz#5861f3ed4e4bb6175597a4e078e8aa78ebe958c7"
  integrity sha512-f2yZoxGtRdrmvV142WQ8ALxpA/nQihGiO0kWVkA4O1dmUbCFn3HjYu6wnKzs/gBhB/gJiEKhk66DtSTEVZM5ag==

asn1@~0.2.3:
  version "0.2.6"
  resolved "https://registry.yarnpkg.com/asn1/-/asn1-0.2.6.tgz#0d3a7bb6e64e02a90c0303b31f292868ea09a08d"
  integrity sha512-ix/FxPn0MDjeyJ7i/yoHGFt/EX6LyNbxSEhPPXODPL+KB0VPk86UYfL0lMdy+KCnv+fmvIzySwaK5COwqVbWTQ==
  dependencies:
    safer-buffer "~2.1.0"

assert-plus@1.0.0, assert-plus@^1.0.0:
  version "1.0.0"
  resolved "https://registry.yarnpkg.com/assert-plus/-/assert-plus-1.0.0.tgz#f12e0f3c5d77b0b1cdd9146942e4e96c1e4dd525"
  integrity sha512-NfJ4UzBCcQGLDlQq7nHxH+tv3kyZ0hHQqF5BO6J7tNJeP5do1llPr8dZ8zHonfhAu0PHAdMkSo+8o0wxg9lZWw==

assert-plus@^0.2.0:
  version "0.2.0"
  resolved "https://registry.yarnpkg.com/assert-plus/-/assert-plus-0.2.0.tgz#d74e1b87e7affc0db8aadb7021f3fe48101ab234"
  integrity sha512-u1L0ZLywRziOVjUhRxI0Qg9G+4RnFB9H/Rq40YWn0dieDgO7vAYeJz6jKAO6t/aruzlDFLAPkQTT87e+f8Imaw==

async@^0.8.0:
  version "0.8.0"
  resolved "https://registry.yarnpkg.com/async/-/async-0.8.0.tgz#ee65ec77298c2ff1456bc4418a052d0f06435112"
  integrity sha512-M2LC+aqW7VetFcnFiYEbjUsmASW6GSsMNkRzhUzwHoQNfNIRClf5GLgozwuJ4tAMLAfjywrKyQ2wWiODJivQmg==

async@^2.0.1:
  version "2.6.4"
  resolved "https://registry.yarnpkg.com/async/-/async-2.6.4.tgz#706b7ff6084664cd7eae713f6f965433b5504221"
  integrity sha512-mzo5dfJYwAn29PeiJ0zvwTo04zj8HDJj0Mn8TD7sno7q12prdbnasKJHhkm2c1LgrhlJ0teaea8860oxi51mGA==
  dependencies:
    lodash "^4.17.14"

async@~0.1.22:
  version "0.1.22"
  resolved "https://registry.yarnpkg.com/async/-/async-0.1.22.tgz#0fc1aaa088a0e3ef0ebe2d8831bab0dcf8845061"
  integrity sha512-2tEzliJmf5fHNafNwQLJXUasGzQCVctvsNkXmnlELHwypU0p08/rHohYvkqKIjyXpx+0rkrYv6QbhJ+UF4QkBg==

aws-sign2@~0.6.0:
  version "0.6.0"
  resolved "https://registry.yarnpkg.com/aws-sign2/-/aws-sign2-0.6.0.tgz#14342dd38dbcc94d0e5b87d763cd63612c0e794f"
  integrity sha512-JnJpAS0p9RmixkOvW2XwDxxzs1bd4/VAGIl6Q0EC5YOo+p+hqIhtDhn/nmFnB/xUNXbLkpE2mOjgVIBRKD4xYw==

balanced-match@^1.0.0:
  version "1.0.2"
  resolved "https://registry.yarnpkg.com/balanced-match/-/balanced-match-1.0.2.tgz#e83e3a7e3f300b34cb9d87f615fa0cbf357690ee"
  integrity sha512-3oSeUO0TMV67hN1AmbXsK4yaqU7tjiHlbxRDZOpH0KW9+CeX4bRAaX0Anxt0tx2MrpRpWwQaPwIlISEJhYU5Pw==

bcrypt-pbkdf@^1.0.0:
  version "1.0.2"
  resolved "https://registry.yarnpkg.com/bcrypt-pbkdf/-/bcrypt-pbkdf-1.0.2.tgz#a4301d389b6a43f9b67ff3ca11a3f6637e360e9e"
  integrity sha512-qeFIXtP4MSoi6NLqO12WfqARWWuCKi2Rn/9hJLEmtB5yTNr9DqFWkJRCf2qShWzPeAMRnOgCrq0sg/KLv5ES9w==
  dependencies:
    tweetnacl "^0.14.3"

bin-version-check@^0.1.0:
  version "0.1.0"
  resolved "https://registry.yarnpkg.com/bin-version-check/-/bin-version-check-0.1.0.tgz#dc9d366ea3f96fa05932ee8881a73776c8fee0e1"
  integrity sha512-TLQKT87qShYW69OWLxynuXcv+pBSD25D+qJFhmIiU+/93MgYc+MpoZbWPa/zu59sY5iKsEt2cIaJf1UrInuHcw==
  dependencies:
    bin-version "^0.1.0"
    minimist "^0.1.0"
    semver "^2.3.0"

bin-version@^0.1.0:
  version "0.1.0"
  resolved "https://registry.yarnpkg.com/bin-version/-/bin-version-0.1.0.tgz#247aa9d410a34d07fa5e3021ac517d6439efc9c5"
  integrity sha512-+am5r3F4ElxSTfJJ6CbCsTEY9rDsRjEgrlLcHi4Q7nZ1U44VHlLpMNQwuUkS12mHvBBFA1gD14ALtmANf9V7+w==
  dependencies:
    find-versions "^0.1.0"

bl@~1.0.0:
  version "1.0.3"
  resolved "https://registry.yarnpkg.com/bl/-/bl-1.0.3.tgz#fc5421a28fd4226036c3b3891a66a25bc64d226e"
  integrity sha512-phbvN+yOk05EGoFcV/0S8N8ShnJqf6VCWRAw5he2gvRwBubFt/OzmcTNGqBt5b7Y4RK3YCgf6jrgGSR0Cwtsgw==
  dependencies:
    readable-stream "~2.0.5"

boom@2.x.x:
  version "2.10.1"
  resolved "https://registry.yarnpkg.com/boom/-/boom-2.10.1.tgz#39c8918ceff5799f83f9492a848f625add0c766f"
  integrity sha512-KbiZEa9/vofNcVJXGwdWWn25reQ3V3dHBWbS07FTF3/TOehLnm9GEhJV4T6ZvGPkShRpmUqYwnaCrkj0mRnP6Q==
  dependencies:
    hoek "2.x.x"

brace-expansion@^1.1.7:
  version "1.1.11"
  resolved "https://registry.yarnpkg.com/brace-expansion/-/brace-expansion-1.1.11.tgz#3c7fcbf529d87226f3d2f52b966ff5271eb441dd"
  integrity sha512-iCuPHDFgrHX7H2vEI/5xpz07zSHB00TpugqhmYtVmMO6518mCuRMoOYFldEBl0g187ufozdaHgWKcYFb61qGiA==
  dependencies:
    balanced-match "^1.0.0"
    concat-map "0.0.1"

caseless@~0.11.0:
  version "0.11.0"
  resolved "https://registry.yarnpkg.com/caseless/-/caseless-0.11.0.tgz#715b96ea9841593cc33067923f5ec60ebda4f7d7"
  integrity sha512-ODLXH644w9C2fMPAm7bMDQ3GRvipZWZfKc+8As6hIadRIelE0n0xZuN38NS6kiK3KPEVrpymmQD8bvncAHWQkQ==

chalk@^1.1.1:
  version "1.1.3"
  resolved "https://registry.yarnpkg.com/chalk/-/chalk-1.1.3.tgz#a8115c55e4a702fe4d150abd3872822a7e09fc98"
  integrity sha512-U3lRVLMSlsCfjqYPbLyVv11M9CPW4I728d6TCKMAOJueEeB9/8o+eSsMnxPJD+Q+K909sdESg7C+tIkoH6on1A==
  dependencies:
    ansi-styles "^2.2.1"
    escape-string-regexp "^1.0.2"
    has-ansi "^2.0.0"
    strip-ansi "^3.0.0"
    supports-color "^2.0.0"

coffee-script@~1.3.3:
  version "1.3.3"
  resolved "https://registry.yarnpkg.com/coffee-script/-/coffee-script-1.3.3.tgz#150d6b4cb522894369efed6a2101c20bc7f4a4f4"
  integrity sha1-FQ1rTLUiiUNp7+1qIQHCC8f0pPQ=

colors@~0.6.2:
  version "0.6.2"
  resolved "https://registry.yarnpkg.com/colors/-/colors-0.6.2.tgz#2423fe6678ac0c5dae8852e5d0e5be08c997abcc"
  integrity sha1-JCP+ZnisDF2uiFLl0OW+CMmXq8w=

combined-stream@^1.0.5, combined-stream@~1.0.5:
  version "1.0.8"
  resolved "https://registry.yarnpkg.com/combined-stream/-/combined-stream-1.0.8.tgz#c3d45a8b34fd730631a110a8a2520682b31d5a7f"
  integrity sha512-FQN4MRfuJeHf7cBbBMJFXhKSDq+2kAArBlmRBvcvFE5BB1HZKXtSFASDhdlz9zOYwxh8lDdnvmMOe/+5cdoEdg==
  dependencies:
    delayed-stream "~1.0.0"

commander@^2.9.0:
  version "2.20.3"
  resolved "https://registry.yarnpkg.com/commander/-/commander-2.20.3.tgz#fd485e84c03eb4881c20722ba48035e8531aeb33"
  integrity sha512-GpVkmM8vF2vQUkj2LvZmD35JxeJOLCwJ9cUkugyk2nuhbv3+mJvpLYYt+0+USMxE+oj+ey/lJEnhZw75x/OMcQ==

concat-map@0.0.1:
  version "0.0.1"
  resolved "https://registry.yarnpkg.com/concat-map/-/concat-map-0.0.1.tgz#d8a96bd77fd68df7793a73036a3ba0d5405d477b"
  integrity sha1-2Klr13/Wjfd5OnMDajug1UBdR3s=

concat-stream@1.5.0:
  version "1.5.0"
  resolved "https://registry.yarnpkg.com/concat-stream/-/concat-stream-1.5.0.tgz#53f7d43c51c5e43f81c8fdd03321c631be68d611"
  integrity sha1-U/fUPFHF5D+ByP3QMyHGMb5o1hE=
  dependencies:
    inherits "~2.0.1"
    readable-stream "~2.0.0"
    typedarray "~0.0.5"

core-util-is@1.0.2:
  version "1.0.2"
  resolved "https://registry.yarnpkg.com/core-util-is/-/core-util-is-1.0.2.tgz#b5fd54220aa2bc5ab57aab7140c940754503c1a7"
  integrity sha1-tf1UIgqivFq1eqtxQMlAdUUDwac=

core-util-is@~1.0.0:
  version "1.0.3"
  resolved "https://registry.yarnpkg.com/core-util-is/-/core-util-is-1.0.3.tgz#a6042d3634c2b27e9328f837b965fac83808db85"
  integrity sha512-ZQBvi1DcpJ4GDqanjucZ2Hj3wEO5pZDS89BWbkcrvdxksJorwUDDZamX9ldFkp9aw2lmBDLgkObEA4DWNJ9FYQ==

cryptiles@2.x.x:
  version "2.0.5"
  resolved "https://registry.yarnpkg.com/cryptiles/-/cryptiles-2.0.5.tgz#3bdfecdc608147c1c67202fa291e7dca59eaa3b8"
  integrity sha1-O9/s3GCBR8HGcgL6KR59ylnqo7g=
  dependencies:
    boom "2.x.x"

dargs@^0.1.0:
  version "0.1.0"
  resolved "https://registry.yarnpkg.com/dargs/-/dargs-0.1.0.tgz#2364ad9f441f976dcd5fe9961e21715665a5e3c3"
  integrity sha1-I2Stn0Qfl23NX+mWHiFxVmWl48M=

dashdash@^1.12.0:
  version "1.14.1"
  resolved "https://registry.yarnpkg.com/dashdash/-/dashdash-1.14.1.tgz#853cfa0f7cbe2fed5de20326b8dd581035f6e2f0"
  integrity sha1-hTz6D3y+L+1d4gMmuN1YEDX24vA=
  dependencies:
    assert-plus "^1.0.0"

dateformat@1.0.2-1.2.3:
  version "1.0.2-1.2.3"
  resolved "https://registry.yarnpkg.com/dateformat/-/dateformat-1.0.2-1.2.3.tgz#b0220c02de98617433b72851cf47de3df2cdbee9"
  integrity sha1-sCIMAt6YYXQztyhRz0fePfLNvuk=

debug@0.7.4, debug@~0.7.0:
  version "0.7.4"
  resolved "https://registry.yarnpkg.com/debug/-/debug-0.7.4.tgz#06e1ea8082c2cb14e39806e22e2f6f757f92af39"
  integrity sha1-BuHqgILCyxTjmAbiLi9vdX+Srzk=

delayed-stream@~1.0.0:
  version "1.0.0"
  resolved "https://registry.yarnpkg.com/delayed-stream/-/delayed-stream-1.0.0.tgz#df3ae199acadfb7d440aaae0b29e2272b24ec619"
  integrity sha1-3zrhmayt+31ECqrgsp4icrJOxhk=

ecc-jsbn@~0.1.1:
  version "0.1.2"
  resolved "https://registry.yarnpkg.com/ecc-jsbn/-/ecc-jsbn-0.1.2.tgz#3a83a904e54353287874c564b7549386849a98c9"
  integrity sha1-OoOpBOVDUyh4dMVkt1SThoSamMk=
  dependencies:
    jsbn "~0.1.0"
    safer-buffer "^2.1.0"

escape-string-regexp@^1.0.2:
  version "1.0.5"
  resolved "https://registry.yarnpkg.com/escape-string-regexp/-/escape-string-regexp-1.0.5.tgz#1b61c0562190a8dff6ae3bb2cf0200ca130b86d4"
  integrity sha1-G2HAViGQqN/2rjuyzwIAyhMLhtQ=

"esprima@~ 1.0.2":
  version "1.0.4"
  resolved "https://registry.yarnpkg.com/esprima/-/esprima-1.0.4.tgz#9f557e08fc3b4d26ece9dd34f8fbf476b62585ad"
  integrity sha1-n1V+CPw7TSbs6d00+Pv0drYlha0=

eventemitter2@~0.4.13, eventemitter2@~0.4.9:
  version "0.4.14"
  resolved "https://registry.yarnpkg.com/eventemitter2/-/eventemitter2-0.4.14.tgz#8f61b75cde012b2e9eb284d4545583b5643b61ab"
  integrity sha1-j2G3XN4BKy6esoTUVFWDtWQ7Yas=

exit@~0.1.1:
  version "0.1.2"
  resolved "https://registry.yarnpkg.com/exit/-/exit-0.1.2.tgz#0632638f8d877cc82107d30a0fff1a17cba1cd0c"
  integrity sha1-BjJjj42HfMghB9MKD/8aF8uhzQw=

extend@~3.0.0:
  version "3.0.2"
  resolved "https://registry.yarnpkg.com/extend/-/extend-3.0.2.tgz#f8b1136b4071fbd8eb140aff858b1019ec2915fa"
  integrity sha512-fjquC59cD7CyW6urNXK0FBufkZcoiGG80wTuPujX590cB5Ttln20E2UB4S/WARVqhXffZl2LNgS+gQdPIIim/g==

extract-zip@~1.5.0:
  version "1.5.0"
  resolved "https://registry.yarnpkg.com/extract-zip/-/extract-zip-1.5.0.tgz#92ccf6d81ef70a9fa4c1747114ccef6d8688a6c4"
  integrity sha1-ksz22B73Cp+kwXRxFMzvbYaIpsQ=
  dependencies:
    concat-stream "1.5.0"
    debug "0.7.4"
    mkdirp "0.5.0"
    yauzl "2.4.1"

extsprintf@1.3.0:
  version "1.3.0"
  resolved "https://registry.yarnpkg.com/extsprintf/-/extsprintf-1.3.0.tgz#96918440e3041a7a414f8c52e3c574eb3c3e1e05"
  integrity sha1-lpGEQOMEGnpBT4xS48V06zw+HgU=

extsprintf@^1.2.0:
  version "1.4.1"
  resolved "https://registry.yarnpkg.com/extsprintf/-/extsprintf-1.4.1.tgz#8d172c064867f235c0c84a596806d279bf4bcc07"
  integrity sha512-Wrk35e8ydCKDj/ArClo1VrPVmN8zph5V4AtHwIuHhvMXsKf73UT3BOD+azBIW+3wOJ4FhEH7zyaJCFvChjYvMA==

faye-websocket@~0.4.3:
  version "0.4.4"
  resolved "https://registry.yarnpkg.com/faye-websocket/-/faye-websocket-0.4.4.tgz#c14c5b3bf14d7417ffbfd990c0a7495cd9f337bc"
  integrity sha1-wUxbO/FNdBf/v9mQwKdJXNnzN7w=

fd-slicer@~1.0.1:
  version "1.0.1"
  resolved "https://registry.yarnpkg.com/fd-slicer/-/fd-slicer-1.0.1.tgz#8b5bcbd9ec327c5041bf9ab023fd6750f1177e65"
  integrity sha1-i1vL2ewyfFBBv5qwI/1nUPEXfmU=
  dependencies:
    pend "~1.2.0"

fileset@~0.1.5:
  version "0.1.8"
  resolved "https://registry.yarnpkg.com/fileset/-/fileset-0.1.8.tgz#506b91a9396eaa7e32fb42a84077c7a0c736b741"
  integrity sha1-UGuRqTluqn4y+0KoQHfHoMc2t0E=
  dependencies:
    glob "3.x"
    minimatch "0.x"

find-versions@^0.1.0:
  version "0.1.1"
  resolved "https://registry.yarnpkg.com/find-versions/-/find-versions-0.1.1.tgz#3a5bc2cf346ab1b6bd57cd60c480d0022df5ec17"
  integrity sha1-OlvCzzRqsba9V81gxIDQAi317Bc=
  dependencies:
    array-uniq "^0.1.0"
    get-stdin "^0.1.0"
    minimist "^0.1.0"
    semver-regex "^0.1.0"

findup-sync@~0.1.2:
  version "0.1.3"
  resolved "https://registry.yarnpkg.com/findup-sync/-/findup-sync-0.1.3.tgz#7f3e7a97b82392c653bf06589bd85190e93c3683"
  integrity sha1-fz56l7gjksZTvwZYm9hRkOk8NoM=
  dependencies:
    glob "~3.2.9"
    lodash "~2.4.1"

forever-agent@~0.6.1:
  version "0.6.1"
  resolved "https://registry.yarnpkg.com/forever-agent/-/forever-agent-0.6.1.tgz#fbc71f0c41adeb37f96c577ad1ed42d8fdacca91"
  integrity sha1-+8cfDEGt6zf5bFd60e1C2P2sypE=

form-data@~1.0.0-rc3:
  version "1.0.1"
  resolved "https://registry.yarnpkg.com/form-data/-/form-data-1.0.1.tgz#ae315db9a4907fa065502304a66d7733475ee37c"
  integrity sha1-rjFduaSQf6BlUCMEpm13M0de43w=
  dependencies:
    async "^2.0.1"
    combined-stream "^1.0.5"
    mime-types "^2.1.11"

fs-extra@~0.26.4:
  version "0.26.7"
  resolved "https://registry.yarnpkg.com/fs-extra/-/fs-extra-0.26.7.tgz#9ae1fdd94897798edab76d0918cf42d0c3184fa9"
  integrity sha1-muH92UiXeY7at20JGM9C0MMYT6k=
  dependencies:
    graceful-fs "^4.1.2"
    jsonfile "^2.1.0"
    klaw "^1.0.0"
    path-is-absolute "^1.0.0"
    rimraf "^2.2.8"

fs.realpath@^1.0.0:
  version "1.0.0"
  resolved "https://registry.yarnpkg.com/fs.realpath/-/fs.realpath-1.0.0.tgz#1504ad2523158caa40db4a2787cb01411994ea4f"
  integrity sha1-FQStJSMVjKpA20onh8sBQRmU6k8=

gaze@~0.3.4:
  version "0.3.4"
  resolved "https://registry.yarnpkg.com/gaze/-/gaze-0.3.4.tgz#5f94bdda0afe53bc710969bcd6f282548d60c279"
  integrity sha1-X5S92gr+U7xxCWm81vKCVI1gwnk=
  dependencies:
    fileset "~0.1.5"
    minimatch "~0.2.9"

generate-function@^2.0.0:
  version "2.3.1"
  resolved "https://registry.yarnpkg.com/generate-function/-/generate-function-2.3.1.tgz#f069617690c10c868e73b8465746764f97c3479f"
  integrity sha512-eeB5GfMNeevm/GRYq20ShmsaGcmI81kIX2K9XQx5miC8KdHaC6Jm0qQ8ZNeGOi7wYB8OsdxKs+Y2oVuTFuVwKQ==
  dependencies:
    is-property "^1.0.2"

generate-object-property@^1.1.0:
  version "1.2.0"
  resolved "https://registry.yarnpkg.com/generate-object-property/-/generate-object-property-1.2.0.tgz#9c0e1c40308ce804f4783618b937fa88f99d50d0"
  integrity sha1-nA4cQDCM6AT0eDYYuTf6iPmdUNA=
  dependencies:
    is-property "^1.0.0"

get-stdin@^0.1.0:
  version "0.1.0"
  resolved "https://registry.yarnpkg.com/get-stdin/-/get-stdin-0.1.0.tgz#5998af24aafc802d15c82c685657eeb8b10d4a91"
  integrity sha1-WZivJKr8gC0VyCxoVlfuuLENSpE=

getobject@~0.1.0:
  version "0.1.0"
  resolved "https://registry.yarnpkg.com/getobject/-/getobject-0.1.0.tgz#047a449789fa160d018f5486ed91320b6ec7885c"
  integrity sha1-BHpEl4n6Fg0Bj1SG7ZEyC27HiFw=

getpass@^0.1.1:
  version "0.1.7"
  resolved "https://registry.yarnpkg.com/getpass/-/getpass-0.1.7.tgz#5eff8e3e684d569ae4cb2b1282604e8ba62149fa"
  integrity sha1-Xv+OPmhNVprkyysSgmBOi6YhSfo=
  dependencies:
    assert-plus "^1.0.0"

glob@3.x, glob@~3.2.9:
  version "3.2.11"
  resolved "https://registry.yarnpkg.com/glob/-/glob-3.2.11.tgz#4a973f635b9190f715d10987d5c00fd2815ebe3d"
  integrity sha1-Spc/Y1uRkPcV0QmH1cAP0oFevj0=
  dependencies:
    inherits "2"
    minimatch "0.3"

glob@^7.1.3:
  version "7.2.3"
  resolved "https://registry.yarnpkg.com/glob/-/glob-7.2.3.tgz#b8df0fb802bbfa8e89bd1d938b4e16578ed44f2b"
  integrity sha512-nFR0zLpU2YCaRxwoCJvL6UvCH2JFyFVIvwTLsIf21AuHlMskA1hhTdk+LlYJtOlYt9v6dvszD2BGRqBL+iQK9Q==
  dependencies:
    fs.realpath "^1.0.0"
    inflight "^1.0.4"
    inherits "2"
    minimatch "^3.1.1"
    once "^1.3.0"
    path-is-absolute "^1.0.0"

glob@~3.1.21:
  version "3.1.21"
  resolved "https://registry.yarnpkg.com/glob/-/glob-3.1.21.tgz#d29e0a055dea5138f4d07ed40e8982e83c2066cd"
  integrity sha1-0p4KBV3qUTj00H7UDomC6DwgZs0=
  dependencies:
    graceful-fs "~1.2.0"
    inherits "1"
    minimatch "~0.2.11"

globule@~0.1.0:
  version "0.1.0"
  resolved "https://registry.yarnpkg.com/globule/-/globule-0.1.0.tgz#d9c8edde1da79d125a151b79533b978676346ae5"
  integrity sha1-2cjt3h2nnRJaFRt5UzuXhnY0auU=
  dependencies:
    glob "~3.1.21"
    lodash "~1.0.1"
    minimatch "~0.2.11"

graceful-fs@^4.1.2, graceful-fs@^4.1.6, graceful-fs@^4.1.9:
  version "4.2.10"
  resolved "https://registry.yarnpkg.com/graceful-fs/-/graceful-fs-4.2.10.tgz#147d3a006da4ca3ce14728c7aefc287c367d7a6c"
  integrity sha512-9ByhssR2fPVsNZj478qUUbKfmL0+t5BDVyjShtyZZLiK7ZDAArFFfopyOTj0M05wE2tJPisA4iTnnXl2YoPvOA==

graceful-fs@~1.2.0:
  version "1.2.3"
  resolved "https://registry.yarnpkg.com/graceful-fs/-/graceful-fs-1.2.3.tgz#15a4806a57547cb2d2dbf27f42e89a8c3451b364"
  integrity sha1-FaSAaldUfLLS2/J/QuiajDRRs2Q=

grunt-bg-shell@~2.0.1:
  version "2.0.3"
  resolved "https://registry.yarnpkg.com/grunt-bg-shell/-/grunt-bg-shell-2.0.3.tgz#6d502fd25f0fe701fa9b597348d382aa5f56364e"
  integrity sha1-bVAv0l8P5wH6m1lzSNOCql9WNk4=

grunt-contrib-compass@~0.9.0:
  version "0.9.1"
  resolved "https://registry.yarnpkg.com/grunt-contrib-compass/-/grunt-contrib-compass-0.9.1.tgz#d4c84eef03b7b376a6f9b46bdf7f1303664432d3"
  integrity sha1-1MhO7wO3s3am+bRr338TA2ZEMtM=
  dependencies:
    async "^0.8.0"
    bin-version-check "^0.1.0"
    dargs "^0.1.0"
    tmp "0.0.23"

grunt-contrib-concat@~0.3.0:
  version "0.3.0"
  resolved "https://registry.yarnpkg.com/grunt-contrib-concat/-/grunt-contrib-concat-0.3.0.tgz#48fa0d4336d29b653ad8225a6bd6f856b4483e32"
  integrity sha1-SPoNQzbSm2U62CJaa9b4VrRIPjI=

grunt-contrib-qunit@~0.5.2:
  version "0.5.2"
  resolved "https://registry.yarnpkg.com/grunt-contrib-qunit/-/grunt-contrib-qunit-0.5.2.tgz#34375497e911c10458494c0645e2cdd99a0bc05a"
  integrity sha1-NDdUl+kRwQRYSUwGReLN2ZoLwFo=
  dependencies:
    grunt-lib-phantomjs "~0.6.0"

grunt-contrib-requirejs@~0.4.4:
  version "0.4.4"
  resolved "https://registry.yarnpkg.com/grunt-contrib-requirejs/-/grunt-contrib-requirejs-0.4.4.tgz#87f2165a981e48a45d22f8cc5299d0934031b972"
  integrity sha1-h/IWWpgeSKRdIvjMUpnQk0AxuXI=
  dependencies:
    requirejs "~2.1.0"

grunt-contrib-watch@~0.4.0:
  version "0.4.4"
  resolved "https://registry.yarnpkg.com/grunt-contrib-watch/-/grunt-contrib-watch-0.4.4.tgz#320fc77c5cd33b73e5446cd9ed919612116aa63c"
  integrity sha1-Mg/HfFzTO3PlRGzZ7ZGWEhFqpjw=
  dependencies:
    gaze "~0.3.4"
    tiny-lr "0.0.4"

grunt-legacy-log-utils@~0.1.1:
  version "0.1.1"
  resolved "https://registry.yarnpkg.com/grunt-legacy-log-utils/-/grunt-legacy-log-utils-0.1.1.tgz#c0706b9dd9064e116f36f23fe4e6b048672c0f7e"
  integrity sha1-wHBrndkGThFvNvI/5OawSGcsD34=
  dependencies:
    colors "~0.6.2"
    lodash "~2.4.1"
    underscore.string "~2.3.3"

grunt-legacy-log@~0.1.0:
  version "0.1.3"
  resolved "https://registry.yarnpkg.com/grunt-legacy-log/-/grunt-legacy-log-0.1.3.tgz#ec29426e803021af59029f87d2f9cd7335a05531"
  integrity sha1-7ClCboAwIa9ZAp+H0vnNczWgVTE=
  dependencies:
    colors "~0.6.2"
    grunt-legacy-log-utils "~0.1.1"
    hooker "~0.2.3"
    lodash "~2.4.1"
    underscore.string "~2.3.3"

grunt-legacy-util@~0.2.0:
  version "0.2.0"
  resolved "https://registry.yarnpkg.com/grunt-legacy-util/-/grunt-legacy-util-0.2.0.tgz#93324884dbf7e37a9ff7c026dff451d94a9e554b"
  integrity sha1-kzJIhNv343qf98Am3/RR2UqeVUs=
  dependencies:
    async "~0.1.22"
    exit "~0.1.1"
    getobject "~0.1.0"
    hooker "~0.2.3"
    lodash "~0.9.2"
    underscore.string "~2.2.1"
    which "~1.0.5"

grunt-lib-phantomjs@~0.6.0:
  version "0.6.0"
  resolved "https://registry.yarnpkg.com/grunt-lib-phantomjs/-/grunt-lib-phantomjs-0.6.0.tgz#ad1f7f212fc4a2325f32fcd49c6a0da3687c1fb4"
  integrity sha1-rR9/IS/EojJfMvzUnGoNo2h8H7Q=
  dependencies:
    eventemitter2 "~0.4.9"
    phantomjs "~1.9.0-1"
    semver "~1.0.14"
    temporary "~0.0.4"

grunt-trimtrailingspaces@~0.4.0:
  version "0.4.0"
  resolved "https://registry.yarnpkg.com/grunt-trimtrailingspaces/-/grunt-trimtrailingspaces-0.4.0.tgz#dfaf3d055e31cc0d5c1e6c367d01a9ce59fdb876"
  integrity sha1-3689BV4xzA1cHmw2fQGpzln9uHY=
  dependencies:
    grunt "~0.4.2"

grunt@^0.4.5, grunt@~0.4.2:
  version "0.4.5"
  resolved "https://registry.yarnpkg.com/grunt/-/grunt-0.4.5.tgz#56937cd5194324adff6d207631832a9d6ba4e7f0"
  integrity sha1-VpN81RlDJK3/bSB2MYMqnWuk5/A=
  dependencies:
    async "~0.1.22"
    coffee-script "~1.3.3"
    colors "~0.6.2"
    dateformat "1.0.2-1.2.3"
    eventemitter2 "~0.4.13"
    exit "~0.1.1"
    findup-sync "~0.1.2"
    getobject "~0.1.0"
    glob "~3.1.21"
    grunt-legacy-log "~0.1.0"
    grunt-legacy-util "~0.2.0"
    hooker "~0.2.3"
    iconv-lite "~0.2.11"
    js-yaml "~2.0.5"
    lodash "~0.9.2"
    minimatch "~0.2.12"
    nopt "~1.0.10"
    rimraf "~2.2.8"
    underscore.string "~2.2.1"
    which "~1.0.5"

har-validator@~2.0.2:
  version "2.0.6"
  resolved "https://registry.yarnpkg.com/har-validator/-/har-validator-2.0.6.tgz#cdcbc08188265ad119b6a5a7c8ab70eecfb5d27d"
  integrity sha1-zcvAgYgmWtEZtqWnyKtw7s+10n0=
  dependencies:
    chalk "^1.1.1"
    commander "^2.9.0"
    is-my-json-valid "^2.12.4"
    pinkie-promise "^2.0.0"

has-ansi@^2.0.0:
  version "2.0.0"
  resolved "https://registry.yarnpkg.com/has-ansi/-/has-ansi-2.0.0.tgz#34f5049ce1ecdf2b0649af3ef24e45ed35416d91"
  integrity sha1-NPUEnOHs3ysGSa8+8k5F7TVBbZE=
  dependencies:
    ansi-regex "^2.0.0"

hasha@^2.2.0:
  version "2.2.0"
  resolved "https://registry.yarnpkg.com/hasha/-/hasha-2.2.0.tgz#78d7cbfc1e6d66303fe79837365984517b2f6ee1"
  integrity sha1-eNfL/B5tZjA/55g3NlmEUXsvbuE=
  dependencies:
    is-stream "^1.0.1"
    pinkie-promise "^2.0.0"

hawk@~3.1.0:
  version "3.1.3"
  resolved "https://registry.yarnpkg.com/hawk/-/hawk-3.1.3.tgz#078444bd7c1640b0fe540d2c9b73d59678e8e1c4"
  integrity sha1-B4REvXwWQLD+VA0sm3PVlnjo4cQ=
  dependencies:
    boom "2.x.x"
    cryptiles "2.x.x"
    hoek "2.x.x"
    sntp "1.x.x"

hoek@2.x.x:
  version "2.16.3"
  resolved "https://registry.yarnpkg.com/hoek/-/hoek-2.16.3.tgz#20bb7403d3cea398e91dc4710a8ff1b8274a25ed"
  integrity sha1-ILt0A9POo5jpHcRxCo/xuCdKJe0=

hooker@~0.2.3:
  version "0.2.3"
  resolved "https://registry.yarnpkg.com/hooker/-/hooker-0.2.3.tgz#b834f723cc4a242aa65963459df6d984c5d3d959"
  integrity sha1-uDT3I8xKJCqmWWNFnfbZhMXT2Vk=

http-signature@~1.1.0:
  version "1.1.1"
  resolved "https://registry.yarnpkg.com/http-signature/-/http-signature-1.1.1.tgz#df72e267066cd0ac67fb76adf8e134a8fbcf91bf"
  integrity sha1-33LiZwZs0Kxn+3at+OE0qPvPkb8=
  dependencies:
    assert-plus "^0.2.0"
    jsprim "^1.2.2"
    sshpk "^1.7.0"

iconv-lite@~0.2.11:
  version "0.2.11"
  resolved "https://registry.yarnpkg.com/iconv-lite/-/iconv-lite-0.2.11.tgz#1ce60a3a57864a292d1321ff4609ca4bb965adc8"
  integrity sha1-HOYKOleGSiktEyH/RgnKS7llrcg=

inflight@^1.0.4:
  version "1.0.6"
  resolved "https://registry.yarnpkg.com/inflight/-/inflight-1.0.6.tgz#49bd6331d7d02d0c09bc910a1075ba8165b56df9"
  integrity sha1-Sb1jMdfQLQwJvJEKEHW6gWW1bfk=
  dependencies:
    once "^1.3.0"
    wrappy "1"

inherits@1:
  version "1.0.2"
  resolved "https://registry.yarnpkg.com/inherits/-/inherits-1.0.2.tgz#ca4309dadee6b54cc0b8d247e8d7c7a0975bdc9b"
  integrity sha1-ykMJ2t7mtUzAuNJH6NfHoJdb3Js=

inherits@2, inherits@~2.0.1:
  version "2.0.4"
  resolved "https://registry.yarnpkg.com/inherits/-/inherits-2.0.4.tgz#0fa2c64f932917c3433a0ded55363aae37416b7c"
  integrity sha512-k/vGaX4/Yla3WzyMCvTQOXYeIHvqOKtnqBduzTHpzpQZzAskKMhZ2K+EnBiSM9zGSoIFeMpXKxa4dYeZIQqewQ==

is-my-ip-valid@^1.0.0:
  version "1.0.1"
  resolved "https://registry.yarnpkg.com/is-my-ip-valid/-/is-my-ip-valid-1.0.1.tgz#f7220d1146257c98672e6fba097a9f3f2d348442"
  integrity sha512-jxc8cBcOWbNK2i2aTkCZP6i7wkHF1bqKFrwEHuN5Jtg5BSaZHUZQ/JTOJwoV41YvHnOaRyWWh72T/KvfNz9DJg==

is-my-json-valid@^2.12.4:
  version "2.20.6"
  resolved "https://registry.yarnpkg.com/is-my-json-valid/-/is-my-json-valid-2.20.6.tgz#a9d89e56a36493c77bda1440d69ae0dc46a08387"
  integrity sha512-1JQwulVNjx8UqkPE/bqDaxtH4PXCe/2VRh/y3p99heOV87HG4Id5/VfDswd+YiAfHcRTfDlWgISycnHuhZq1aw==
  dependencies:
    generate-function "^2.0.0"
    generate-object-property "^1.1.0"
    is-my-ip-valid "^1.0.0"
    jsonpointer "^5.0.0"
    xtend "^4.0.0"

is-property@^1.0.0, is-property@^1.0.2:
  version "1.0.2"
  resolved "https://registry.yarnpkg.com/is-property/-/is-property-1.0.2.tgz#57fe1c4e48474edd65b09911f26b1cd4095dda84"
  integrity sha1-V/4cTkhHTt1lsJkR8msc1Ald2oQ=

is-stream@^1.0.1:
  version "1.1.0"
  resolved "https://registry.yarnpkg.com/is-stream/-/is-stream-1.1.0.tgz#12d4a3dd4e68e0b79ceb8dbc84173ae80d91ca44"
  integrity sha1-EtSj3U5o4Lec6428hBc66A2RykQ=

is-typedarray@~1.0.0:
  version "1.0.0"
  resolved "https://registry.yarnpkg.com/is-typedarray/-/is-typedarray-1.0.0.tgz#e479c80858df0c1b11ddda6940f96011fcda4a9a"
  integrity sha1-5HnICFjfDBsR3dppQPlgEfzaSpo=

isarray@~1.0.0:
  version "1.0.0"
  resolved "https://registry.yarnpkg.com/isarray/-/isarray-1.0.0.tgz#bb935d48582cba168c06834957a54a3e07124f11"
  integrity sha1-u5NdSFgsuhaMBoNJV6VKPgcSTxE=

isexe@^2.0.0:
  version "2.0.0"
  resolved "https://registry.yarnpkg.com/isexe/-/isexe-2.0.0.tgz#e8fbf374dc556ff8947a10dcb0572d633f2cfa10"
  integrity sha1-6PvzdNxVb/iUehDcsFctYz8s+hA=

isstream@~0.1.2:
  version "0.1.2"
  resolved "https://registry.yarnpkg.com/isstream/-/isstream-0.1.2.tgz#47e63f7af55afa6f92e1500e690eb8b8529c099a"
  integrity sha1-R+Y/evVa+m+S4VAOaQ64uFKcCZo=

js-yaml@~2.0.5:
  version "2.0.5"
  resolved "https://registry.yarnpkg.com/js-yaml/-/js-yaml-2.0.5.tgz#a25ae6509999e97df278c6719da11bd0687743a8"
  integrity sha1-olrmUJmZ6X3yeMZxnaEb0Gh3Q6g=
  dependencies:
    argparse "~ 0.1.11"
    esprima "~ 1.0.2"

jsbn@~0.1.0:
  version "0.1.1"
  resolved "https://registry.yarnpkg.com/jsbn/-/jsbn-0.1.1.tgz#a5e654c2e5a2deb5f201d96cefbca80c0ef2f513"
  integrity sha1-peZUwuWi3rXyAdls77yoDA7y9RM=

json-schema@0.4.0:
  version "0.4.0"
  resolved "https://registry.yarnpkg.com/json-schema/-/json-schema-0.4.0.tgz#f7de4cf6efab838ebaeb3236474cbba5a1930ab5"
  integrity sha512-es94M3nTIfsEPisRafak+HDLfHXnKBhV3vU5eqPcS3flIWqcxJWgXHXiey3YrpaNsanY5ei1VoYEbOzijuq9BA==

json-stringify-safe@~5.0.1:
  version "5.0.1"
  resolved "https://registry.yarnpkg.com/json-stringify-safe/-/json-stringify-safe-5.0.1.tgz#1296a2d58fd45f19a0f6ce01d65701e2c735b6eb"
  integrity sha1-Epai1Y/UXxmg9s4B1lcB4sc1tus=

jsonfile@^2.1.0:
  version "2.4.0"
  resolved "https://registry.yarnpkg.com/jsonfile/-/jsonfile-2.4.0.tgz#3736a2b428b87bbda0cc83b53fa3d633a35c2ae8"
  integrity sha1-NzaitCi4e72gzIO1P6PWM6NcKug=
  optionalDependencies:
    graceful-fs "^4.1.6"

jsonpointer@^5.0.0:
  version "5.0.0"
  resolved "https://registry.yarnpkg.com/jsonpointer/-/jsonpointer-5.0.0.tgz#f802669a524ec4805fa7389eadbc9921d5dc8072"
  integrity sha512-PNYZIdMjVIvVgDSYKTT63Y+KZ6IZvGRNNWcxwD+GNnUz1MKPfv30J8ueCjdwcN0nDx2SlshgyB7Oy0epAzVRRg==

jsprim@^1.2.2:
  version "1.4.2"
  resolved "https://registry.yarnpkg.com/jsprim/-/jsprim-1.4.2.tgz#712c65533a15c878ba59e9ed5f0e26d5b77c5feb"
  integrity sha512-P2bSOMAc/ciLz6DzgjVlGJP9+BrJWu5UDGK70C2iweC5QBIeFf0ZXRvGjEj2uYgrY2MkAAhsSWHDWlFtEroZWw==
  dependencies:
    assert-plus "1.0.0"
    extsprintf "1.3.0"
    json-schema "0.4.0"
    verror "1.10.0"

kew@~0.7.0:
  version "0.7.0"
  resolved "https://registry.yarnpkg.com/kew/-/kew-0.7.0.tgz#79d93d2d33363d6fdd2970b335d9141ad591d79b"
  integrity sha1-edk9LTM2PW/dKXCzNdkUGtWR15s=

klaw@^1.0.0:
  version "1.3.1"
  resolved "https://registry.yarnpkg.com/klaw/-/klaw-1.3.1.tgz#4088433b46b3b1ba259d78785d8e96f73ba02439"
  integrity sha1-QIhDO0azsbolnXh4XY6W9zugJDk=
  optionalDependencies:
    graceful-fs "^4.1.9"

lodash@^4.17.14:
  version "4.17.21"
  resolved "https://registry.yarnpkg.com/lodash/-/lodash-4.17.21.tgz#679591c564c3bffaae8454cf0b3df370c3d6911c"
  integrity sha512-v2kDEe57lecTulaDIuNTPy3Ry4gLGJ6Z1O3vE1krgXZNrsQ+LFTGHVxVjcXPs17LhbZVGedAJv8XZ1tvj5FvSg==

lodash@~0.9.2:
  version "0.9.2"
  resolved "https://registry.yarnpkg.com/lodash/-/lodash-0.9.2.tgz#8f3499c5245d346d682e5b0d3b40767e09f1a92c"
  integrity sha1-jzSZxSRdNG1oLlsNO0B2fgnxqSw=

lodash@~1.0.1:
  version "1.0.2"
  resolved "https://registry.yarnpkg.com/lodash/-/lodash-1.0.2.tgz#8f57560c83b59fc270bd3d561b690043430e2551"
  integrity sha1-j1dWDIO1n8JwvT1WG2kAQ0MOJVE=

lodash@~2.4.1:
  version "2.4.2"
  resolved "https://registry.yarnpkg.com/lodash/-/lodash-2.4.2.tgz#fadd834b9683073da179b3eae6d9c0d15053f73e"
  integrity sha1-+t2DS5aDBz2hebPq5tnA0VBT9z4=

lru-cache@2:
  version "2.7.3"
  resolved "https://registry.yarnpkg.com/lru-cache/-/lru-cache-2.7.3.tgz#6d4524e8b955f95d4f5b58851ce21dd72fb4e952"
  integrity sha1-bUUk6LlV+V1PW1iFHOId1y+06VI=

matchdep@^0.3.0:
  version "0.3.0"
  resolved "https://registry.yarnpkg.com/matchdep/-/matchdep-0.3.0.tgz#428e649ce5c2818d220e0463eff5c0de9e59d52e"
  integrity sha1-Qo5knOXCgY0iDgRj7/XA3p5Z1S4=
  dependencies:
    findup-sync "~0.1.2"
    globule "~0.1.0"
    resolve "~0.5.1"
    stack-trace "0.0.7"

mime-db@1.52.0:
  version "1.52.0"
  resolved "https://registry.yarnpkg.com/mime-db/-/mime-db-1.52.0.tgz#bbabcdc02859f4987301c856e3387ce5ec43bf70"
  integrity sha512-sPU4uV7dYlvtWJxwwxHD0PuihVNiE7TyAbQ5SWxDCB9mUYvOgroQOwYQQOKPJ8CIbE+1ETVlOoK1UC2nU3gYvg==

mime-types@^2.1.11, mime-types@~2.1.7:
  version "2.1.35"
  resolved "https://registry.yarnpkg.com/mime-types/-/mime-types-2.1.35.tgz#381a871b62a734450660ae3deee44813f70d959a"
  integrity sha512-ZDY+bPm5zTTF+YpCrAU9nK0UgICYPT0QtT1NZWFv4s++TNkcgVaT0g6+4R2uI4MjQjzysHB1zxuWL50hzaeXiw==
  dependencies:
    mime-db "1.52.0"

minimatch@0.3:
  version "0.3.0"
  resolved "https://registry.yarnpkg.com/minimatch/-/minimatch-0.3.0.tgz#275d8edaac4f1bb3326472089e7949c8394699dd"
  integrity sha1-J12O2qxPG7MyZHIInnlJyDlGmd0=
  dependencies:
    lru-cache "2"
    sigmund "~1.0.0"

minimatch@0.x:
  version "0.4.0"
  resolved "https://registry.yarnpkg.com/minimatch/-/minimatch-0.4.0.tgz#bd2c7d060d2c8c8fd7cde7f1f2ed2d5b270fdb1b"
  integrity sha1-vSx9Bg0sjI/Xzefx8u0tWycP2xs=
  dependencies:
    lru-cache "2"
    sigmund "~1.0.0"

minimatch@^3.1.1:
  version "3.1.2"
  resolved "https://registry.yarnpkg.com/minimatch/-/minimatch-3.1.2.tgz#19cd194bfd3e428f049a70817c038d89ab4be35b"
  integrity sha512-J7p63hRiAjw1NDEww1W7i37+ByIrOWO5XQQAzZ3VOcL0PNybwpfmV/N05zFAzwQ9USyEcX6t3UO+K5aqBQOIHw==
  dependencies:
    brace-expansion "^1.1.7"

minimatch@~0.2.11, minimatch@~0.2.12, minimatch@~0.2.9:
  version "0.2.14"
  resolved "https://registry.yarnpkg.com/minimatch/-/minimatch-0.2.14.tgz#c74e780574f63c6f9a090e90efbe6ef53a6a756a"
  integrity sha1-x054BXT2PG+aCQ6Q775u9TpqdWo=
  dependencies:
    lru-cache "2"
    sigmund "~1.0.0"

minimist@0.0.8:
  version "0.0.8"
  resolved "https://registry.yarnpkg.com/minimist/-/minimist-0.0.8.tgz#857fcabfc3397d2625b8228262e86aa7a011b05d"
  integrity sha1-hX/Kv8M5fSYluCKCYuhqp6ARsF0=

minimist@^0.1.0:
  version "0.1.0"
  resolved "https://registry.yarnpkg.com/minimist/-/minimist-0.1.0.tgz#99df657a52574c21c9057497df742790b2b4c0de"
  integrity sha1-md9lelJXTCHJBXSX33QnkLK0wN4=

mkdirp@0.5.0:
  version "0.5.0"
  resolved "https://registry.yarnpkg.com/mkdirp/-/mkdirp-0.5.0.tgz#1d73076a6df986cd9344e15e71fcc05a4c9abf12"
  integrity sha1-HXMHam35hs2TROFecfzAWkyavxI=
  dependencies:
    minimist "0.0.8"

node-uuid@~1.4.7:
  version "1.4.8"
  resolved "https://registry.yarnpkg.com/node-uuid/-/node-uuid-1.4.8.tgz#b040eb0923968afabf8d32fb1f17f1167fdab907"
  integrity sha1-sEDrCSOWivq/jTL7HxfxFn/auQc=

nopt@~1.0.10:
  version "1.0.10"
  resolved "https://registry.yarnpkg.com/nopt/-/nopt-1.0.10.tgz#6ddd21bd2a31417b92727dd585f8a6f37608ebee"
  integrity sha1-bd0hvSoxQXuScn3Vhfim83YI6+4=
  dependencies:
    abbrev "1"

nopt@~2.0.0:
  version "2.0.0"
  resolved "https://registry.yarnpkg.com/nopt/-/nopt-2.0.0.tgz#ca7416f20a5e3f9c3b86180f96295fa3d0b52e0d"
  integrity sha1-ynQW8gpeP5w7hhgPlilfo9C1Lg0=
  dependencies:
    abbrev "1"

noptify@latest:
  version "0.0.3"
  resolved "https://registry.yarnpkg.com/noptify/-/noptify-0.0.3.tgz#58f654a73d9753df0c51d9686dc92104a67f4bbb"
  integrity sha1-WPZUpz2XU98MUdlobckhBKZ/S7s=
  dependencies:
    nopt "~2.0.0"

oauth-sign@~0.8.0:
  version "0.8.2"
  resolved "https://registry.yarnpkg.com/oauth-sign/-/oauth-sign-0.8.2.tgz#46a6ab7f0aead8deae9ec0565780b7d4efeb9d43"
  integrity sha1-Rqarfwrq2N6unsBWV4C31O/rnUM=

once@^1.3.0:
  version "1.4.0"
  resolved "https://registry.yarnpkg.com/once/-/once-1.4.0.tgz#583b1aa775961d4b113ac17d9c50baef9dd76bd1"
  integrity sha1-WDsap3WWHUsROsF9nFC6753Xa9E=
  dependencies:
    wrappy "1"

"package@>= 1.0.0 < 1.2.0":
  version "1.0.1"
  resolved "https://registry.yarnpkg.com/package/-/package-1.0.1.tgz#d25a1f99e2506dcb27d6704b83dca8a312e4edcc"
  integrity sha1-0lofmeJQbcsn1nBLg9yooxLk7cw=

path-is-absolute@^1.0.0:
  version "1.0.1"
  resolved "https://registry.yarnpkg.com/path-is-absolute/-/path-is-absolute-1.0.1.tgz#174b9268735534ffbc7ace6bf53a5a9e1b5c5f5f"
  integrity sha1-F0uSaHNVNP+8es5r9TpanhtcX18=

pend@~1.2.0:
  version "1.2.0"
  resolved "https://registry.yarnpkg.com/pend/-/pend-1.2.0.tgz#7a57eb550a6783f9115331fcf4663d5c8e007a50"
  integrity sha1-elfrVQpng/kRUzH89GY9XI4AelA=

phantomjs@~1.9.0-1:
  version "1.9.20"
  resolved "https://registry.yarnpkg.com/phantomjs/-/phantomjs-1.9.20.tgz#4424aca20e14d255c0b0889af6f6b8973da10e0d"
  integrity sha1-RCSsog4U0lXAsIia9va4lz2hDg0=
  dependencies:
    extract-zip "~1.5.0"
    fs-extra "~0.26.4"
    hasha "^2.2.0"
    kew "~0.7.0"
    progress "~1.1.8"
    request "~2.67.0"
    request-progress "~2.0.1"
    which "~1.2.2"

pinkie-promise@^2.0.0:
  version "2.0.1"
  resolved "https://registry.yarnpkg.com/pinkie-promise/-/pinkie-promise-2.0.1.tgz#2135d6dfa7a358c069ac9b178776288228450ffa"
  integrity sha1-ITXW36ejWMBprJsXh3YogihFD/o=
  dependencies:
    pinkie "^2.0.0"

pinkie@^2.0.0:
  version "2.0.4"
  resolved "https://registry.yarnpkg.com/pinkie/-/pinkie-2.0.4.tgz#72556b80cfa0d48a974e80e77248e80ed4f7f870"
  integrity sha1-clVrgM+g1IqXToDnckjoDtT3+HA=

process-nextick-args@~1.0.6:
  version "1.0.7"
  resolved "https://registry.yarnpkg.com/process-nextick-args/-/process-nextick-args-1.0.7.tgz#150e20b756590ad3f91093f25a4f2ad8bff30ba3"
  integrity sha1-FQ4gt1ZZCtP5EJPyWk8q2L/zC6M=

progress@~1.1.8:
  version "1.1.8"
  resolved "https://registry.yarnpkg.com/progress/-/progress-1.1.8.tgz#e260c78f6161cdd9b0e56cc3e0a85de17c7a57be"
  integrity sha1-4mDHj2Fhzdmw5WzD4Khd4Xx6V74=

qs@~0.5.2:
  version "0.5.6"
  resolved "https://registry.yarnpkg.com/qs/-/qs-0.5.6.tgz#31b1ad058567651c526921506b9a8793911a0384"
  integrity sha1-MbGtBYVnZRxSaSFQa5qHk5EaA4Q=

qs@~5.2.0:
  version "5.2.1"
  resolved "https://registry.yarnpkg.com/qs/-/qs-5.2.1.tgz#801fee030e0b9450d6385adc48a4cc55b44aedfc"
  integrity sha1-gB/uAw4LlFDWOFrcSKTMVbRK7fw=

readable-stream@~2.0.0, readable-stream@~2.0.5:
  version "2.0.6"
  resolved "https://registry.yarnpkg.com/readable-stream/-/readable-stream-2.0.6.tgz#8f90341e68a53ccc928788dacfcd11b36eb9b78e"
  integrity sha1-j5A0HmilPMySh4jaz80Rs265t44=
  dependencies:
    core-util-is "~1.0.0"
    inherits "~2.0.1"
    isarray "~1.0.0"
    process-nextick-args "~1.0.6"
    string_decoder "~0.10.x"
    util-deprecate "~1.0.1"

request-progress@~2.0.1:
  version "2.0.1"
  resolved "https://registry.yarnpkg.com/request-progress/-/request-progress-2.0.1.tgz#5d36bb57961c673aa5b788dbc8141fdf23b44e08"
  integrity sha1-XTa7V5YcZzqlt4jbyBQf3yO0Tgg=
  dependencies:
    throttleit "^1.0.0"

request@~2.67.0:
  version "2.67.0"
  resolved "https://registry.yarnpkg.com/request/-/request-2.67.0.tgz#8af74780e2bf11ea0ae9aa965c11f11afd272742"
  integrity sha1-ivdHgOK/EeoK6aqWXBHxGv0nJ0I=
  dependencies:
    aws-sign2 "~0.6.0"
    bl "~1.0.0"
    caseless "~0.11.0"
    combined-stream "~1.0.5"
    extend "~3.0.0"
    forever-agent "~0.6.1"
    form-data "~1.0.0-rc3"
    har-validator "~2.0.2"
    hawk "~3.1.0"
    http-signature "~1.1.0"
    is-typedarray "~1.0.0"
    isstream "~0.1.2"
    json-stringify-safe "~5.0.1"
    mime-types "~2.1.7"
    node-uuid "~1.4.7"
    oauth-sign "~0.8.0"
    qs "~5.2.0"
    stringstream "~0.0.4"
    tough-cookie "~2.2.0"
    tunnel-agent "~0.4.1"

requirejs@~2.1.0:
  version "2.1.22"
  resolved "https://registry.yarnpkg.com/requirejs/-/requirejs-2.1.22.tgz#dd78fd2d34180c0d62c724b5b8aebc0664e0366f"
  integrity sha1-3Xj9LTQYDA1ixyS1uK68BmTgNm8=

resolve@~0.5.1:
  version "0.5.1"
  resolved "https://registry.yarnpkg.com/resolve/-/resolve-0.5.1.tgz#15e4a222c4236bcd4cf85454412c2d0fb6524576"
  integrity sha1-FeSiIsQja81M+FRUQSwtD7ZSRXY=

rimraf@^2.2.8:
  version "2.7.1"
  resolved "https://registry.yarnpkg.com/rimraf/-/rimraf-2.7.1.tgz#35797f13a7fdadc566142c29d4f07ccad483e3ec"
  integrity sha512-uWjbaKIK3T1OSVptzX7Nl6PvQ3qAGtKEtVRjRuazjfL3Bx5eI409VZSqgND+4UNnmzLVdPj9FqFJNPqBZFve4w==
  dependencies:
    glob "^7.1.3"

rimraf@~2.2.8:
  version "2.2.8"
  resolved "https://registry.yarnpkg.com/rimraf/-/rimraf-2.2.8.tgz#e439be2aaee327321952730f99a8929e4fc50582"
  integrity sha1-5Dm+Kq7jJzIZUnMPmaiSnk/FBYI=

safer-buffer@^2.0.2, safer-buffer@^2.1.0, safer-buffer@~2.1.0:
  version "2.1.2"
  resolved "https://registry.yarnpkg.com/safer-buffer/-/safer-buffer-2.1.2.tgz#44fa161b0187b9549dd84bb91802f9bd8385cd6a"
  integrity sha512-YZo3K82SD7Riyi0E1EQPojLz7kpepnSQI9IyPbHHg1XXXevb5dJI7tpyN2ADxGcQbHG7vcyRHk0cbwqcQriUtg==

semver-regex@^0.1.0:
  version "0.1.1"
  resolved "https://registry.yarnpkg.com/semver-regex/-/semver-regex-0.1.1.tgz#a9d6717eba5871107ff8f4d81f5278d4ad4a29f9"
  integrity sha1-qdZxfrpYcRB/+PTYH1J41K1KKfk=

semver@^2.3.0:
  version "2.3.2"
  resolved "https://registry.yarnpkg.com/semver/-/semver-2.3.2.tgz#b9848f25d6cf36333073ec9ef8856d42f1233e52"
  integrity sha1-uYSPJdbPNjMwc+ye+IVtQvEjPlI=

semver@~1.0.14:
  version "1.0.14"
  resolved "https://registry.yarnpkg.com/semver/-/semver-1.0.14.tgz#cac5e2d55a6fbf958cb220ae844045071c78f676"
  integrity sha1-ysXi1Vpvv5WMsiCuhEBFBxx49nY=

sigmund@~1.0.0:
  version "1.0.1"
  resolved "https://registry.yarnpkg.com/sigmund/-/sigmund-1.0.1.tgz#3ff21f198cad2175f9f3b781853fd94d0d19b590"
  integrity sha1-P/IfGYytIXX587eBhT/ZTQ0ZtZA=

sntp@1.x.x:
  version "1.0.9"
  resolved "https://registry.yarnpkg.com/sntp/-/sntp-1.0.9.tgz#6541184cc90aeea6c6e7b35e2659082443c66198"
  integrity sha1-ZUEYTMkK7qbG57NeJlkIJEPGYZg=
  dependencies:
    hoek "2.x.x"

sshpk@^1.7.0:
  version "1.17.0"
  resolved "https://registry.yarnpkg.com/sshpk/-/sshpk-1.17.0.tgz#578082d92d4fe612b13007496e543fa0fbcbe4c5"
  integrity sha512-/9HIEs1ZXGhSPE8X6Ccm7Nam1z8KcoCqPdI7ecm1N33EzAetWahvQWVqLZtaZQ+IDKX4IyA2o0gBzqIMkAagHQ==
  dependencies:
    asn1 "~0.2.3"
    assert-plus "^1.0.0"
    bcrypt-pbkdf "^1.0.0"
    dashdash "^1.12.0"
    ecc-jsbn "~0.1.1"
    getpass "^0.1.1"
    jsbn "~0.1.0"
    safer-buffer "^2.0.2"
    tweetnacl "~0.14.0"

stack-trace@0.0.7:
  version "0.0.7"
  resolved "https://registry.yarnpkg.com/stack-trace/-/stack-trace-0.0.7.tgz#c72e089744fc3659f508cdce3621af5634ec0fff"
  integrity sha1-xy4Il0T8Nln1CM3ONiGvVjTsD/8=

string_decoder@~0.10.x:
  version "0.10.31"
  resolved "https://registry.yarnpkg.com/string_decoder/-/string_decoder-0.10.31.tgz#62e203bc41766c6c28c9fc84301dab1c5310fa94"
  integrity sha1-YuIDvEF2bGwoyfyEMB2rHFMQ+pQ=

stringstream@~0.0.4:
  version "0.0.6"
  resolved "https://registry.yarnpkg.com/stringstream/-/stringstream-0.0.6.tgz#7880225b0d4ad10e30927d167a1d6f2fd3b33a72"
  integrity sha512-87GEBAkegbBcweToUrdzf3eLhWNg06FJTebl4BVJz/JgWy8CvEr9dRtX5qWphiynMSQlxxi+QqN0z5T32SLlhA==

strip-ansi@^3.0.0:
  version "3.0.1"
  resolved "https://registry.yarnpkg.com/strip-ansi/-/strip-ansi-3.0.1.tgz#6a385fb8853d952d5ff05d0e8aaf94278dc63dcf"
  integrity sha1-ajhfuIU9lS1f8F0Oiq+UJ43GPc8=
  dependencies:
    ansi-regex "^2.0.0"

supports-color@^2.0.0:
  version "2.0.0"
  resolved "https://registry.yarnpkg.com/supports-color/-/supports-color-2.0.0.tgz#535d045ce6b6363fa40117084629995e9df324c7"
  integrity sha1-U10EXOa2Nj+kARcIRimZXp3zJMc=

temporary@~0.0.4:
  version "0.0.8"
  resolved "https://registry.yarnpkg.com/temporary/-/temporary-0.0.8.tgz#a18a981d28ba8ca36027fb3c30538c3ecb740ac0"
  integrity sha1-oYqYHSi6jKNgJ/s8MFOMPst0CsA=
  dependencies:
    package ">= 1.0.0 < 1.2.0"

throttleit@^1.0.0:
  version "1.0.0"
  resolved "https://registry.yarnpkg.com/throttleit/-/throttleit-1.0.0.tgz#9e785836daf46743145a5984b6268d828528ac6c"
  integrity sha1-nnhYNtr0Z0MUWlmEtiaNgoUorGw=

tiny-lr@0.0.4:
  version "0.0.4"
  resolved "https://registry.yarnpkg.com/tiny-lr/-/tiny-lr-0.0.4.tgz#80618547f63f697d05cb40c4c2c4b083521aefb6"
  integrity sha1-gGGFR/Y/aX0Fy0DEwsSwg1Ia77Y=
  dependencies:
    debug "~0.7.0"
    faye-websocket "~0.4.3"
    noptify latest
    qs "~0.5.2"

tmp@0.0.23:
  version "0.0.23"
  resolved "https://registry.yarnpkg.com/tmp/-/tmp-0.0.23.tgz#de874aa5e974a85f0a32cdfdbd74663cb3bd9c74"
  integrity sha1-3odKpel0qF8KMs39vXRmPLO9nHQ=

tough-cookie@~2.2.0:
  version "2.2.2"
  resolved "https://registry.yarnpkg.com/tough-cookie/-/tough-cookie-2.2.2.tgz#c83a1830f4e5ef0b93ef2a3488e724f8de016ac7"
  integrity sha1-yDoYMPTl7wuT7yo0iOck+N4Basc=

tunnel-agent@~0.4.1:
  version "0.4.3"
  resolved "https://registry.yarnpkg.com/tunnel-agent/-/tunnel-agent-0.4.3.tgz#6373db76909fe570e08d73583365ed828a74eeeb"
  integrity sha1-Y3PbdpCf5XDgjXNYM2Xtgop07us=

tweetnacl@^0.14.3, tweetnacl@~0.14.0:
  version "0.14.5"
  resolved "https://registry.yarnpkg.com/tweetnacl/-/tweetnacl-0.14.5.tgz#5ae68177f192d4456269d108afa93ff8743f4f64"
  integrity sha1-WuaBd/GS1EViadEIr6k/+HQ/T2Q=

typedarray@~0.0.5:
  version "0.0.6"
  resolved "https://registry.yarnpkg.com/typedarray/-/typedarray-0.0.6.tgz#867ac74e3864187b1d3d47d996a78ec5c8830777"
  integrity sha1-hnrHTjhkGHsdPUfZlqeOxciDB3c=

underscore.string@~2.2.1:
  version "2.2.1"
  resolved "https://registry.yarnpkg.com/underscore.string/-/underscore.string-2.2.1.tgz#d7c0fa2af5d5a1a67f4253daee98132e733f0f19"
  integrity sha1-18D6KvXVoaZ/QlPa7pgTLnM/Dxk=

underscore.string@~2.3.3:
  version "2.3.3"
  resolved "https://registry.yarnpkg.com/underscore.string/-/underscore.string-2.3.3.tgz#71c08bf6b428b1133f37e78fa3a21c82f7329b0d"
  integrity sha1-ccCL9rQosRM/N+ePo6Icgvcymw0=

underscore.string@~2.4.0:
  version "2.4.0"
  resolved "https://registry.yarnpkg.com/underscore.string/-/underscore.string-2.4.0.tgz#8cdd8fbac4e2d2ea1e7e2e8097c42f442280f85b"
  integrity sha1-jN2PusTi0uoefi6Al8QvRCKA+Fs=

underscore@~1.7.0:
  version "1.7.0"
  resolved "https://registry.yarnpkg.com/underscore/-/underscore-1.7.0.tgz#6bbaf0877500d36be34ecaa584e0db9fef035209"
  integrity sha1-a7rwh3UA02vjTsqlhODbn+8DUgk=

util-deprecate@~1.0.1:
  version "1.0.2"
  resolved "https://registry.yarnpkg.com/util-deprecate/-/util-deprecate-1.0.2.tgz#450d4dc9fa70de732762fbd2d4a28981419a0ccf"
  integrity sha1-RQ1Nyfpw3nMnYvvS1KKJgUGaDM8=

verror@1.10.0:
  version "1.10.0"
  resolved "https://registry.yarnpkg.com/verror/-/verror-1.10.0.tgz#3a105ca17053af55d6e270c1f8288682e18da400"
  integrity sha1-OhBcoXBTr1XW4nDB+CiGguGNpAA=
  dependencies:
    assert-plus "^1.0.0"
    core-util-is "1.0.2"
    extsprintf "^1.2.0"

which@~1.0.5:
  version "1.0.9"
  resolved "https://registry.yarnpkg.com/which/-/which-1.0.9.tgz#460c1da0f810103d0321a9b633af9e575e64486f"
  integrity sha1-RgwdoPgQED0DIam2M6+eV15kSG8=

which@~1.2.2:
  version "1.2.14"
  resolved "https://registry.yarnpkg.com/which/-/which-1.2.14.tgz#9a87c4378f03e827cecaf1acdf56c736c01c14e5"
  integrity sha1-mofEN48D6CfOyvGs31bHNsAcFOU=
  dependencies:
    isexe "^2.0.0"

wrappy@1:
  version "1.0.2"
  resolved "https://registry.yarnpkg.com/wrappy/-/wrappy-1.0.2.tgz#b5243d8f3ec1aa35f1364605bc0d1036e30ab69f"
  integrity sha1-tSQ9jz7BqjXxNkYFvA0QNuMKtp8=

xtend@^4.0.0:
  version "4.0.2"
  resolved "https://registry.yarnpkg.com/xtend/-/xtend-4.0.2.tgz#bb72779f5fa465186b1f438f674fa347fdb5db54"
  integrity sha512-LKYU1iAXJXUgAXn9URjiu+MWhyUXHsvfp7mcuYm9dSUKK0/CjtrUwFAxD82/mCWbtLsGjFIad0wIsod4zrTAEQ==

yauzl@2.4.1:
  version "2.4.1"
  resolved "https://registry.yarnpkg.com/yauzl/-/yauzl-2.4.1.tgz#9528f442dab1b2284e58b4379bb194e22e0c4005"
  integrity sha1-lSj0QtqxsihOWLQ3m7GU4i4MQAU=
  dependencies:
    fd-slicer "~1.0.1"
